// !$*UTF8*$!
{
	archiveVersion = 1;
	classes = {
	};
	objectVersion = 46;
	objects = {

/* Begin PBXBuildFile section */
		1FA35E6013F57B2700A6B347 /* UIKit.framework in Frameworks */ = {isa = PBXBuildFile; fileRef = 1FA35E5F13F57B2700A6B347 /* UIKit.framework */; };
		1FA35E6213F57B2700A6B347 /* Foundation.framework in Frameworks */ = {isa = PBXBuildFile; fileRef = 1FA35E6113F57B2700A6B347 /* Foundation.framework */; };
		1FA35E6413F57B2700A6B347 /* CoreGraphics.framework in Frameworks */ = {isa = PBXBuildFile; fileRef = 1FA35E6313F57B2700A6B347 /* CoreGraphics.framework */; };
		1FA35E6A13F57B2800A6B347 /* InfoPlist.strings in Resources */ = {isa = PBXBuildFile; fileRef = 1FA35E6813F57B2800A6B347 /* InfoPlist.strings */; };
		1FA35E6D13F57B2800A6B347 /* main.m in Sources */ = {isa = PBXBuildFile; fileRef = 1FA35E6C13F57B2800A6B347 /* main.m */; };
		1FA35E7013F57B2800A6B347 /* RSColorPickerAppDelegate.m in Sources */ = {isa = PBXBuildFile; fileRef = 1FA35E6F13F57B2800A6B347 /* RSColorPickerAppDelegate.m */; };
		1FA35E7313F57B2800A6B347 /* MainWindow.xib in Resources */ = {isa = PBXBuildFile; fileRef = 1FA35E7113F57B2800A6B347 /* MainWindow.xib */; };
/* End PBXBuildFile section */

/* Begin PBXFileReference section */
		1FA35E5B13F57B2700A6B347 /* RSColorPicker.app */ = {isa = PBXFileReference; explicitFileType = wrapper.application; includeInIndex = 0; path = RSColorPicker.app; sourceTree = BUILT_PRODUCTS_DIR; };
		1FA35E5F13F57B2700A6B347 /* UIKit.framework */ = {isa = PBXFileReference; lastKnownFileType = wrapper.framework; name = UIKit.framework; path = System/Library/Frameworks/UIKit.framework; sourceTree = SDKROOT; };
		1FA35E6113F57B2700A6B347 /* Foundation.framework */ = {isa = PBXFileReference; lastKnownFileType = wrapper.framework; name = Foundation.framework; path = System/Library/Frameworks/Foundation.framework; sourceTree = SDKROOT; };
		1FA35E6313F57B2700A6B347 /* CoreGraphics.framework */ = {isa = PBXFileReference; lastKnownFileType = wrapper.framework; name = CoreGraphics.framework; path = System/Library/Frameworks/CoreGraphics.framework; sourceTree = SDKROOT; };
		1FA35E6713F57B2700A6B347 /* RSColorPicker-Info.plist */ = {isa = PBXFileReference; path = "RSColorPicker-Info.plist"; sourceTree = "<group>"; };
		1FA35E6913F57B2800A6B347 /* en */ = {isa = PBXFileReference; lastKnownFileType = text.plist.strings; name = en; path = en.lproj/InfoPlist.strings; sourceTree = "<group>"; };
		1FA35E6B13F57B2800A6B347 /* RSColorPicker-Prefix.pch */ = {isa = PBXFileReference; path = "RSColorPicker-Prefix.pch"; sourceTree = "<group>"; };
		1FA35E6C13F57B2800A6B347 /* main.m */ = {isa = PBXFileReference; lastKnownFileType = sourcecode.c.objc; path = main.m; sourceTree = "<group>"; };
		1FA35E6E13F57B2800A6B347 /* RSColorPickerAppDelegate.h */ = {isa = PBXFileReference; path = RSColorPickerAppDelegate.h; sourceTree = "<group>"; };
		1FA35E6F13F57B2800A6B347 /* RSColorPickerAppDelegate.m */ = {isa = PBXFileReference; lastKnownFileType = sourcecode.c.objc; path = RSColorPickerAppDelegate.m; sourceTree = "<group>"; };
		1FA35E7213F57B2800A6B347 /* en */ = {isa = PBXFileReference; lastKnownFileType = file.xib; name = en; path = en.lproj/MainWindow.xib; sourceTree = "<group>"; };
/* End PBXFileReference section */

/* Begin PBXFrameworksBuildPhase section */
		1FA35E5813F57B2700A6B347 /* Frameworks */ = {
			isa = PBXFrameworksBuildPhase;
			buildActionMask = 2147483647;
			files = (
				1FA35E6013F57B2700A6B347 /* UIKit.framework in Frameworks */,
				1FA35E6213F57B2700A6B347 /* Foundation.framework in Frameworks */,
				1FA35E6413F57B2700A6B347 /* CoreGraphics.framework in Frameworks */,
			);
			runOnlyForDeploymentPostprocessing = 0;
		};
/* End PBXFrameworksBuildPhase section */

/* Begin PBXGroup section */
		1FA35E5013F57B2700A6B347 = {
			isa = PBXGroup;
			children = (
				1FA35E6513F57B2700A6B347 /* RSColorPicker */,
				1FA35E5E13F57B2700A6B347 /* Frameworks */,
				1FA35E5C13F57B2700A6B347 /* Products */,
			);
			sourceTree = "<group>";
		};
		1FA35E5C13F57B2700A6B347 /* Products */ = {
			isa = PBXGroup;
			children = (
				1FA35E5B13F57B2700A6B347 /* RSColorPicker.app */,
			);
			name = Products;
			sourceTree = "<group>";
		};
		1FA35E5E13F57B2700A6B347 /* Frameworks */ = {
			isa = PBXGroup;
			children = (
				1FA35E5F13F57B2700A6B347 /* UIKit.framework */,
				1FA35E6113F57B2700A6B347 /* Foundation.framework */,
				1FA35E6313F57B2700A6B347 /* CoreGraphics.framework */,
			);
			name = Frameworks;
			sourceTree = "<group>";
		};
		1FA35E6513F57B2700A6B347 /* RSColorPicker */ = {
			isa = PBXGroup;
			children = (
				1FA35E6E13F57B2800A6B347 /* RSColorPickerAppDelegate.h */,
				1FA35E6F13F57B2800A6B347 /* RSColorPickerAppDelegate.m */,
				1FA35E7113F57B2800A6B347 /* MainWindow.xib */,
				1FA35E6613F57B2700A6B347 /* Supporting Files */,
			);
			path = RSColorPicker;
			sourceTree = "<group>";
		};
		1FA35E6613F57B2700A6B347 /* Supporting Files */ = {
			isa = PBXGroup;
			children = (
				1FA35E6713F57B2700A6B347 /* RSColorPicker-Info.plist */,
				1FA35E6813F57B2800A6B347 /* InfoPlist.strings */,
				1FA35E6B13F57B2800A6B347 /* RSColorPicker-Prefix.pch */,
				1FA35E6C13F57B2800A6B347 /* main.m */,
			);
			name = "Supporting Files";
			sourceTree = "<group>";
		};
/* End PBXGroup section */

/* Begin PBXNativeTarget section */
		1FA35E5A13F57B2700A6B347 /* RSColorPicker */ = {
			isa = PBXNativeTarget;
			buildConfigurationList = 1FA35E7613F57B2800A6B347 /* Build configuration list for PBXNativeTarget "RSColorPicker" */;
			buildPhases = (
				1FA35E5713F57B2700A6B347 /* Sources */,
				1FA35E5813F57B2700A6B347 /* Frameworks */,
				1FA35E5913F57B2700A6B347 /* Resources */,
			);
			buildRules = (
			);
			dependencies = (
			);
			name = RSColorPicker;
			productName = RSColorPicker;
			productReference = 1FA35E5B13F57B2700A6B347 /* RSColorPicker.app */;
			productType = "com.apple.product-type.application";
		};
/* End PBXNativeTarget section */

/* Begin PBXProject section */
		1FA35E5213F57B2700A6B347 /* Project object */ = {
			isa = PBXProject;
			attributes = {
				ORGANIZATIONNAME = "Freelance Web Developer";
			};
			buildConfigurationList = 1FA35E5513F57B2700A6B347 /* Build configuration list for PBXProject "RSColorPicker" */;
			compatibilityVersion = "Xcode 3.2";
			developmentRegion = English;
			hasScannedForEncodings = 0;
			knownRegions = (
				en,
			);
			mainGroup = 1FA35E5013F57B2700A6B347;
			productRefGroup = 1FA35E5C13F57B2700A6B347 /* Products */;
			projectDirPath = "";
			projectRoot = "";
			targets = (
				1FA35E5A13F57B2700A6B347 /* RSColorPicker */,
			);
		};
/* End PBXProject section */

/* Begin PBXResourcesBuildPhase section */
		1FA35E5913F57B2700A6B347 /* Resources */ = {
			isa = PBXResourcesBuildPhase;
			buildActionMask = 2147483647;
			files = (
				1FA35E6A13F57B2800A6B347 /* InfoPlist.strings in Resources */,
				1FA35E7313F57B2800A6B347 /* MainWindow.xib in Resources */,
			);
			runOnlyForDeploymentPostprocessing = 0;
		};
/* End PBXResourcesBuildPhase section */

/* Begin PBXSourcesBuildPhase section */
		1FA35E5713F57B2700A6B347 /* Sources */ = {
			isa = PBXSourcesBuildPhase;
			buildActionMask = 2147483647;
			files = (
				1FA35E6D13F57B2800A6B347 /* main.m in Sources */,
				1FA35E7013F57B2800A6B347 /* RSColorPickerAppDelegate.m in Sources */,
			);
			runOnlyForDeploymentPostprocessing = 0;
		};
/* End PBXSourcesBuildPhase section */

/* Begin PBXVariantGroup section */
		1FA35E6813F57B2800A6B347 /* InfoPlist.strings */ = {
			isa = PBXVariantGroup;
			children = (
				1FA35E6913F57B2800A6B347 /* en */,
			);
			name = InfoPlist.strings;
			sourceTree = "<group>";
		};
		1FA35E7113F57B2800A6B347 /* MainWindow.xib */ = {
			isa = PBXVariantGroup;
			children = (
				1FA35E7213F57B2800A6B347 /* en */,
			);
			name = MainWindow.xib;
			sourceTree = "<group>";
		};
/* End PBXVariantGroup section */

/* Begin XCBuildConfiguration section */
		1FA35E7413F57B2800A6B347 /* Debug */ = {
			isa = XCBuildConfiguration;
			buildSettings = {
				ARCHS = "$(ARCHS_STANDARD_32_BIT)";
				"CODE_SIGN_IDENTITY[sdk=iphoneos*]" = "iPhone Developer";
				GCC_C_LANGUAGE_STANDARD = gnu99;
				GCC_OPTIMIZATION_LEVEL = 0;
				GCC_PREPROCESSOR_DEFINITIONS = DEBUG;
				GCC_SYMBOLS_PRIVATE_EXTERN = NO;
				GCC_VERSION = com.apple.compilers.llvmgcc42;
				GCC_WARN_ABOUT_RETURN_TYPE = YES;
				GCC_WARN_UNUSED_VARIABLE = YES;
				IPHONEOS_DEPLOYMENT_TARGET = 4.3;
				SDKROOT = iphoneos;
			};
			name = Debug;
		};
		1FA35E7513F57B2800A6B347 /* Release */ = {
			isa = XCBuildConfiguration;
			buildSettings = {
				ARCHS = "$(ARCHS_STANDARD_32_BIT)";
				"CODE_SIGN_IDENTITY[sdk=iphoneos*]" = "iPhone Developer";
				GCC_C_LANGUAGE_STANDARD = gnu99;
				GCC_VERSION = com.apple.compilers.llvmgcc42;
				GCC_WARN_ABOUT_RETURN_TYPE = YES;
				GCC_WARN_UNUSED_VARIABLE = YES;
				IPHONEOS_DEPLOYMENT_TARGET = 4.3;
				OTHER_CFLAGS = "-DNS_BLOCK_ASSERTIONS=1";
				SDKROOT = iphoneos;
			};
			name = Release;
		};
		1FA35E7713F57B2800A6B347 /* Debug */ = {
			isa = XCBuildConfiguration;
			buildSettings = {
				ALWAYS_SEARCH_USER_PATHS = NO;
				COPY_PHASE_STRIP = NO;
				GCC_DYNAMIC_NO_PIC = NO;
				GCC_PRECOMPILE_PREFIX_HEADER = YES;
				GCC_PREFIX_HEADER = "RSColorPicker/RSColorPicker-Prefix.pch";
				INFOPLIST_FILE = "RSColorPicker/RSColorPicker-Info.plist";
				PRODUCT_NAME = "$(TARGET_NAME)";
				WRAPPER_EXTENSION = app;
			};
			name = Debug;
		};
		1FA35E7813F57B2800A6B347 /* Release */ = {
			isa = XCBuildConfiguration;
			buildSettings = {
				ALWAYS_SEARCH_USER_PATHS = NO;
				COPY_PHASE_STRIP = YES;
				GCC_PRECOMPILE_PREFIX_HEADER = YES;
				GCC_PREFIX_HEADER = "RSColorPicker/RSColorPicker-Prefix.pch";
				INFOPLIST_FILE = "RSColorPicker/RSColorPicker-Info.plist";
				PRODUCT_NAME = "$(TARGET_NAME)";
				VALIDATE_PRODUCT = YES;
				WRAPPER_EXTENSION = app;
			};
			name = Release;
		};
/* End XCBuildConfiguration section */

/* Begin XCConfigurationList section */
		1FA35E5513F57B2700A6B347 /* Build configuration list for PBXProject "RSColorPicker" */ = {
			isa = XCConfigurationList;
			buildConfigurations = (
				1FA35E7413F57B2800A6B347 /* Debug */,
				1FA35E7513F57B2800A6B347 /* Release */,
			);
			defaultConfigurationIsVisible = 0;
			defaultConfigurationName = Release;
		};
		1FA35E7613F57B2800A6B347 /* Build configuration list for PBXNativeTarget "RSColorPicker" */ = {
			isa = XCConfigurationList;
			buildConfigurations = (
				1FA35E7713F57B2800A6B347 /* Debug */,
				1FA35E7813F57B2800A6B347 /* Release */,
			);
			defaultConfigurationIsVisible = 0;
		};
/* End XCConfigurationList section */
	};
	rootObject = 1FA35E5213F57B2700A6B347 /* Project object */;
}
