// !$*UTF8*$!
{
	archiveVersion = 1;
	classes = {
	};
	objectVersion = 46;
	objects = {

/* Begin PBXBuildFile section */
		1FA35E6013F57B2700A6B347 /* UIKit.framework in Frameworks */ = {isa = PBXBuildFile; fileRef = 1FA35E5F13F57B2700A6B347 /* UIKit.framework */; };
		1FA35E6213F57B2700A6B347 /* Foundation.framework in Frameworks */ = {isa = PBXBuildFile; fileRef = 1FA35E6113F57B2700A6B347 /* Foundation.framework */; };
		1FA35E6413F57B2700A6B347 /* CoreGraphics.framework in Frameworks */ = {isa = PBXBuildFile; fileRef = 1FA35E6313F57B2700A6B347 /* CoreGraphics.framework */; };
		1FA35E6A13F57B2800A6B347 /* InfoPlist.strings in Resources */ = {isa = PBXBuildFile; fileRef = 1FA35E6813F57B2800A6B347 /* InfoPlist.strings */; };
		1FA35E6D13F57B2800A6B347 /* main.m in Sources */ = {isa = PBXBuildFile; fileRef = 1FA35E6C13F57B2800A6B347 /* main.m */; };
		1FA35E7013F57B2800A6B347 /* RSColorPickerAppDelegate.m in Sources */ = {isa = PBXBuildFile; fileRef = 1FA35E6F13F57B2800A6B347 /* RSColorPickerAppDelegate.m */; };
		1FA35E9913F5A17E00A6B347 /* QuartzCore.framework in Frameworks */ = {isa = PBXBuildFile; fileRef = 1FA35E9813F5A17E00A6B347 /* QuartzCore.framework */; };
		2B12A0DF1792FF46007F2A0A /* TestColorViewController.m in Sources */ = {isa = PBXBuildFile; fileRef = 2B12A0DE1792FF46007F2A0A /* TestColorViewController.m */; };
		2B85423116EFC8970047FFBE /* ANImageBitmapRep.m in Sources */ = {isa = PBXBuildFile; fileRef = 2B85420D16EFC8970047FFBE /* ANImageBitmapRep.m */; };
		2B85423216EFC8970047FFBE /* BitmapContextRep.m in Sources */ = {isa = PBXBuildFile; fileRef = 2B85420F16EFC8970047FFBE /* BitmapContextRep.m */; };
		2B85423316EFC8970047FFBE /* NSImage+ANImageBitmapRep.m in Sources */ = {isa = PBXBuildFile; fileRef = 2B85421216EFC8970047FFBE /* NSImage+ANImageBitmapRep.m */; };
		2B85423416EFC8970047FFBE /* OSCommonImage.m in Sources */ = {isa = PBXBuildFile; fileRef = 2B85421416EFC8970047FFBE /* OSCommonImage.m */; };
		2B85423516EFC8970047FFBE /* UIImage+ANImageBitmapRep.m in Sources */ = {isa = PBXBuildFile; fileRef = 2B85421616EFC8970047FFBE /* UIImage+ANImageBitmapRep.m */; };
		2B85423616EFC8970047FFBE /* CGContextCreator.m in Sources */ = {isa = PBXBuildFile; fileRef = 2B85421916EFC8970047FFBE /* CGContextCreator.m */; };
		2B85423716EFC8970047FFBE /* CGImageContainer.m in Sources */ = {isa = PBXBuildFile; fileRef = 2B85421B16EFC8970047FFBE /* CGImageContainer.m */; };
		2B85423816EFC8970047FFBE /* BitmapContextManipulator.m in Sources */ = {isa = PBXBuildFile; fileRef = 2B85421E16EFC8970047FFBE /* BitmapContextManipulator.m */; };
		2B85423916EFC8970047FFBE /* BitmapCropManipulator.m in Sources */ = {isa = PBXBuildFile; fileRef = 2B85422016EFC8970047FFBE /* BitmapCropManipulator.m */; };
		2B85423A16EFC8970047FFBE /* BitmapDrawManipulator.m in Sources */ = {isa = PBXBuildFile; fileRef = 2B85422216EFC8970047FFBE /* BitmapDrawManipulator.m */; };
		2B85423B16EFC8970047FFBE /* BitmapRotationManipulator.m in Sources */ = {isa = PBXBuildFile; fileRef = 2B85422416EFC8970047FFBE /* BitmapRotationManipulator.m */; };
		2B85423C16EFC8970047FFBE /* BitmapScaleManipulator.m in Sources */ = {isa = PBXBuildFile; fileRef = 2B85422616EFC8970047FFBE /* BitmapScaleManipulator.m */; };
		2B85423D16EFC8970047FFBE /* BGRSLoupeLayer.m in Sources */ = {isa = PBXBuildFile; fileRef = 2B85422816EFC8970047FFBE /* BGRSLoupeLayer.m */; };
		2B85423E16EFC8970047FFBE /* RSBrightnessSlider.m in Sources */ = {isa = PBXBuildFile; fileRef = 2B85422A16EFC8970047FFBE /* RSBrightnessSlider.m */; };
		2B85423F16EFC8970047FFBE /* RSColorFunctions.m in Sources */ = {isa = PBXBuildFile; fileRef = 2B85422C16EFC8970047FFBE /* RSColorFunctions.m */; };
		2B85424016EFC8970047FFBE /* RSColorPickerView.m in Sources */ = {isa = PBXBuildFile; fileRef = 2B85422E16EFC8970047FFBE /* RSColorPickerView.m */; };
		2B85424116EFC8970047FFBE /* RSSelectionView.m in Sources */ = {isa = PBXBuildFile; fileRef = 2B85423016EFC8970047FFBE /* RSSelectionView.m */; };
		7FB5E81717455D820034FFB8 /* RSOpacitySlider.m in Sources */ = {isa = PBXBuildFile; fileRef = 7FB5E81617455D820034FFB8 /* RSOpacitySlider.m */; };
		930D5A8016DE4D36006C38D4 /* Default-568h@2x.png in Resources */ = {isa = PBXBuildFile; fileRef = 930D5A7F16DE4D36006C38D4 /* Default-568h@2x.png */; };
		94A10AFB1799B6A900F0BD7E /* Accelerate.framework in Frameworks */ = {isa = PBXBuildFile; fileRef = 94A10AFA1799B6A900F0BD7E /* Accelerate.framework */; };
		94A10AFF179DB67C00F0BD7E /* RSGenerateOperation.m in Sources */ = {isa = PBXBuildFile; fileRef = 94A10AFE179DB67C00F0BD7E /* RSGenerateOperation.m */; };
/* End PBXBuildFile section */

/* Begin PBXFileReference section */
		1FA35E5B13F57B2700A6B347 /* RSColorPicker.app */ = {isa = PBXFileReference; explicitFileType = wrapper.application; includeInIndex = 0; path = RSColorPicker.app; sourceTree = BUILT_PRODUCTS_DIR; };
		1FA35E5F13F57B2700A6B347 /* UIKit.framework */ = {isa = PBXFileReference; lastKnownFileType = wrapper.framework; name = UIKit.framework; path = System/Library/Frameworks/UIKit.framework; sourceTree = SDKROOT; };
		1FA35E6113F57B2700A6B347 /* Foundation.framework */ = {isa = PBXFileReference; lastKnownFileType = wrapper.framework; name = Foundation.framework; path = System/Library/Frameworks/Foundation.framework; sourceTree = SDKROOT; };
		1FA35E6313F57B2700A6B347 /* CoreGraphics.framework */ = {isa = PBXFileReference; lastKnownFileType = wrapper.framework; name = CoreGraphics.framework; path = System/Library/Frameworks/CoreGraphics.framework; sourceTree = SDKROOT; };
		1FA35E6713F57B2700A6B347 /* RSColorPicker-Info.plist */ = {isa = PBXFileReference; lastKnownFileType = text.plist.xml; path = "RSColorPicker-Info.plist"; sourceTree = "<group>"; };
		1FA35E6913F57B2800A6B347 /* en */ = {isa = PBXFileReference; lastKnownFileType = text.plist.strings; name = en; path = en.lproj/InfoPlist.strings; sourceTree = "<group>"; };
		1FA35E6B13F57B2800A6B347 /* RSColorPicker-Prefix.pch */ = {isa = PBXFileReference; lastKnownFileType = sourcecode.c.h; path = "RSColorPicker-Prefix.pch"; sourceTree = "<group>"; };
		1FA35E6C13F57B2800A6B347 /* main.m */ = {isa = PBXFileReference; lastKnownFileType = sourcecode.c.objc; path = main.m; sourceTree = "<group>"; };
		1FA35E6E13F57B2800A6B347 /* RSColorPickerAppDelegate.h */ = {isa = PBXFileReference; lastKnownFileType = sourcecode.c.h; path = RSColorPickerAppDelegate.h; sourceTree = "<group>"; };
		1FA35E6F13F57B2800A6B347 /* RSColorPickerAppDelegate.m */ = {isa = PBXFileReference; lastKnownFileType = sourcecode.c.objc; path = RSColorPickerAppDelegate.m; sourceTree = "<group>"; };
		1FA35E9813F5A17E00A6B347 /* QuartzCore.framework */ = {isa = PBXFileReference; lastKnownFileType = wrapper.framework; name = QuartzCore.framework; path = System/Library/Frameworks/QuartzCore.framework; sourceTree = SDKROOT; };
		2B12A0DD1792FF46007F2A0A /* TestColorViewController.h */ = {isa = PBXFileReference; fileEncoding = 4; lastKnownFileType = sourcecode.c.h; path = TestColorViewController.h; sourceTree = "<group>"; };
		2B12A0DE1792FF46007F2A0A /* TestColorViewController.m */ = {isa = PBXFileReference; fileEncoding = 4; lastKnownFileType = sourcecode.c.objc; path = TestColorViewController.m; sourceTree = "<group>"; };
		2B85420C16EFC8970047FFBE /* ANImageBitmapRep.h */ = {isa = PBXFileReference; fileEncoding = 4; lastKnownFileType = sourcecode.c.h; path = ANImageBitmapRep.h; sourceTree = "<group>"; };
		2B85420D16EFC8970047FFBE /* ANImageBitmapRep.m */ = {isa = PBXFileReference; fileEncoding = 4; lastKnownFileType = sourcecode.c.objc; path = ANImageBitmapRep.m; sourceTree = "<group>"; };
		2B85420E16EFC8970047FFBE /* BitmapContextRep.h */ = {isa = PBXFileReference; fileEncoding = 4; lastKnownFileType = sourcecode.c.h; path = BitmapContextRep.h; sourceTree = "<group>"; };
		2B85420F16EFC8970047FFBE /* BitmapContextRep.m */ = {isa = PBXFileReference; fileEncoding = 4; lastKnownFileType = sourcecode.c.objc; path = BitmapContextRep.m; sourceTree = "<group>"; };
		2B85421116EFC8970047FFBE /* NSImage+ANImageBitmapRep.h */ = {isa = PBXFileReference; fileEncoding = 4; lastKnownFileType = sourcecode.c.h; path = "NSImage+ANImageBitmapRep.h"; sourceTree = "<group>"; };
		2B85421216EFC8970047FFBE /* NSImage+ANImageBitmapRep.m */ = {isa = PBXFileReference; fileEncoding = 4; lastKnownFileType = sourcecode.c.objc; path = "NSImage+ANImageBitmapRep.m"; sourceTree = "<group>"; };
		2B85421316EFC8970047FFBE /* OSCommonImage.h */ = {isa = PBXFileReference; fileEncoding = 4; lastKnownFileType = sourcecode.c.h; path = OSCommonImage.h; sourceTree = "<group>"; };
		2B85421416EFC8970047FFBE /* OSCommonImage.m */ = {isa = PBXFileReference; fileEncoding = 4; lastKnownFileType = sourcecode.c.objc; path = OSCommonImage.m; sourceTree = "<group>"; };
		2B85421516EFC8970047FFBE /* UIImage+ANImageBitmapRep.h */ = {isa = PBXFileReference; fileEncoding = 4; lastKnownFileType = sourcecode.c.h; path = "UIImage+ANImageBitmapRep.h"; sourceTree = "<group>"; };
		2B85421616EFC8970047FFBE /* UIImage+ANImageBitmapRep.m */ = {isa = PBXFileReference; fileEncoding = 4; lastKnownFileType = sourcecode.c.objc; path = "UIImage+ANImageBitmapRep.m"; sourceTree = "<group>"; };
		2B85421816EFC8970047FFBE /* CGContextCreator.h */ = {isa = PBXFileReference; fileEncoding = 4; lastKnownFileType = sourcecode.c.h; path = CGContextCreator.h; sourceTree = "<group>"; };
		2B85421916EFC8970047FFBE /* CGContextCreator.m */ = {isa = PBXFileReference; fileEncoding = 4; lastKnownFileType = sourcecode.c.objc; path = CGContextCreator.m; sourceTree = "<group>"; };
		2B85421A16EFC8970047FFBE /* CGImageContainer.h */ = {isa = PBXFileReference; fileEncoding = 4; lastKnownFileType = sourcecode.c.h; path = CGImageContainer.h; sourceTree = "<group>"; };
		2B85421B16EFC8970047FFBE /* CGImageContainer.m */ = {isa = PBXFileReference; fileEncoding = 4; lastKnownFileType = sourcecode.c.objc; path = CGImageContainer.m; sourceTree = "<group>"; };
		2B85421D16EFC8970047FFBE /* BitmapContextManipulator.h */ = {isa = PBXFileReference; fileEncoding = 4; lastKnownFileType = sourcecode.c.h; path = BitmapContextManipulator.h; sourceTree = "<group>"; };
		2B85421E16EFC8970047FFBE /* BitmapContextManipulator.m */ = {isa = PBXFileReference; fileEncoding = 4; lastKnownFileType = sourcecode.c.objc; path = BitmapContextManipulator.m; sourceTree = "<group>"; };
		2B85421F16EFC8970047FFBE /* BitmapCropManipulator.h */ = {isa = PBXFileReference; fileEncoding = 4; lastKnownFileType = sourcecode.c.h; path = BitmapCropManipulator.h; sourceTree = "<group>"; };
		2B85422016EFC8970047FFBE /* BitmapCropManipulator.m */ = {isa = PBXFileReference; fileEncoding = 4; lastKnownFileType = sourcecode.c.objc; path = BitmapCropManipulator.m; sourceTree = "<group>"; };
		2B85422116EFC8970047FFBE /* BitmapDrawManipulator.h */ = {isa = PBXFileReference; fileEncoding = 4; lastKnownFileType = sourcecode.c.h; path = BitmapDrawManipulator.h; sourceTree = "<group>"; };
		2B85422216EFC8970047FFBE /* BitmapDrawManipulator.m */ = {isa = PBXFileReference; fileEncoding = 4; lastKnownFileType = sourcecode.c.objc; path = BitmapDrawManipulator.m; sourceTree = "<group>"; };
		2B85422316EFC8970047FFBE /* BitmapRotationManipulator.h */ = {isa = PBXFileReference; fileEncoding = 4; lastKnownFileType = sourcecode.c.h; path = BitmapRotationManipulator.h; sourceTree = "<group>"; };
		2B85422416EFC8970047FFBE /* BitmapRotationManipulator.m */ = {isa = PBXFileReference; fileEncoding = 4; lastKnownFileType = sourcecode.c.objc; path = BitmapRotationManipulator.m; sourceTree = "<group>"; };
		2B85422516EFC8970047FFBE /* BitmapScaleManipulator.h */ = {isa = PBXFileReference; fileEncoding = 4; lastKnownFileType = sourcecode.c.h; path = BitmapScaleManipulator.h; sourceTree = "<group>"; };
		2B85422616EFC8970047FFBE /* BitmapScaleManipulator.m */ = {isa = PBXFileReference; fileEncoding = 4; lastKnownFileType = sourcecode.c.objc; path = BitmapScaleManipulator.m; sourceTree = "<group>"; };
		2B85422716EFC8970047FFBE /* BGRSLoupeLayer.h */ = {isa = PBXFileReference; fileEncoding = 4; lastKnownFileType = sourcecode.c.h; path = BGRSLoupeLayer.h; sourceTree = "<group>"; };
		2B85422816EFC8970047FFBE /* BGRSLoupeLayer.m */ = {isa = PBXFileReference; fileEncoding = 4; lastKnownFileType = sourcecode.c.objc; path = BGRSLoupeLayer.m; sourceTree = "<group>"; };
		2B85422916EFC8970047FFBE /* RSBrightnessSlider.h */ = {isa = PBXFileReference; fileEncoding = 4; lastKnownFileType = sourcecode.c.h; path = RSBrightnessSlider.h; sourceTree = "<group>"; };
		2B85422A16EFC8970047FFBE /* RSBrightnessSlider.m */ = {isa = PBXFileReference; fileEncoding = 4; lastKnownFileType = sourcecode.c.objc; path = RSBrightnessSlider.m; sourceTree = "<group>"; };
		2B85422B16EFC8970047FFBE /* RSColorFunctions.h */ = {isa = PBXFileReference; fileEncoding = 4; lastKnownFileType = sourcecode.c.h; path = RSColorFunctions.h; sourceTree = "<group>"; };
		2B85422C16EFC8970047FFBE /* RSColorFunctions.m */ = {isa = PBXFileReference; fileEncoding = 4; lastKnownFileType = sourcecode.c.objc; path = RSColorFunctions.m; sourceTree = "<group>"; };
		2B85422D16EFC8970047FFBE /* RSColorPickerView.h */ = {isa = PBXFileReference; fileEncoding = 4; lastKnownFileType = sourcecode.c.h; path = RSColorPickerView.h; sourceTree = "<group>"; };
		2B85422E16EFC8970047FFBE /* RSColorPickerView.m */ = {isa = PBXFileReference; fileEncoding = 4; lastKnownFileType = sourcecode.c.objc; path = RSColorPickerView.m; sourceTree = "<group>"; };
		2B85422F16EFC8970047FFBE /* RSSelectionView.h */ = {isa = PBXFileReference; fileEncoding = 4; lastKnownFileType = sourcecode.c.h; path = RSSelectionView.h; sourceTree = "<group>"; };
		2B85423016EFC8970047FFBE /* RSSelectionView.m */ = {isa = PBXFileReference; fileEncoding = 4; lastKnownFileType = sourcecode.c.objc; path = RSSelectionView.m; sourceTree = "<group>"; };
		7FB5E81517455D820034FFB8 /* RSOpacitySlider.h */ = {isa = PBXFileReference; fileEncoding = 4; lastKnownFileType = sourcecode.c.h; path = RSOpacitySlider.h; sourceTree = "<group>"; };
		7FB5E81617455D820034FFB8 /* RSOpacitySlider.m */ = {isa = PBXFileReference; fileEncoding = 4; lastKnownFileType = sourcecode.c.objc; path = RSOpacitySlider.m; sourceTree = "<group>"; };
		930D5A7F16DE4D36006C38D4 /* Default-568h@2x.png */ = {isa = PBXFileReference; lastKnownFileType = image.png; path = "Default-568h@2x.png"; sourceTree = "<group>"; };
		94A10AFA1799B6A900F0BD7E /* Accelerate.framework */ = {isa = PBXFileReference; lastKnownFileType = wrapper.framework; name = Accelerate.framework; path = System/Library/Frameworks/Accelerate.framework; sourceTree = SDKROOT; };
		94A10AFD179DB67C00F0BD7E /* RSGenerateOperation.h */ = {isa = PBXFileReference; fileEncoding = 4; lastKnownFileType = sourcecode.c.h; path = RSGenerateOperation.h; sourceTree = "<group>"; };
		94A10AFE179DB67C00F0BD7E /* RSGenerateOperation.m */ = {isa = PBXFileReference; fileEncoding = 4; lastKnownFileType = sourcecode.c.objc; path = RSGenerateOperation.m; sourceTree = "<group>"; };
/* End PBXFileReference section */

/* Begin PBXFrameworksBuildPhase section */
		1FA35E5813F57B2700A6B347 /* Frameworks */ = {
			isa = PBXFrameworksBuildPhase;
			buildActionMask = 2147483647;
			files = (
				94A10AFB1799B6A900F0BD7E /* Accelerate.framework in Frameworks */,
				1FA35E9913F5A17E00A6B347 /* QuartzCore.framework in Frameworks */,
				1FA35E6013F57B2700A6B347 /* UIKit.framework in Frameworks */,
				1FA35E6213F57B2700A6B347 /* Foundation.framework in Frameworks */,
				1FA35E6413F57B2700A6B347 /* CoreGraphics.framework in Frameworks */,
			);
			runOnlyForDeploymentPostprocessing = 0;
		};
/* End PBXFrameworksBuildPhase section */

/* Begin PBXGroup section */
		1FA35E5013F57B2700A6B347 = {
			isa = PBXGroup;
			children = (
				930D5A7F16DE4D36006C38D4 /* Default-568h@2x.png */,
				1FA35E6513F57B2700A6B347 /* RSColorPicker */,
				1FA35E5E13F57B2700A6B347 /* Frameworks */,
				1FA35E5C13F57B2700A6B347 /* Products */,
			);
			sourceTree = "<group>";
		};
		1FA35E5C13F57B2700A6B347 /* Products */ = {
			isa = PBXGroup;
			children = (
				1FA35E5B13F57B2700A6B347 /* RSColorPicker.app */,
			);
			name = Products;
			sourceTree = "<group>";
		};
		1FA35E5E13F57B2700A6B347 /* Frameworks */ = {
			isa = PBXGroup;
			children = (
				94A10AFA1799B6A900F0BD7E /* Accelerate.framework */,
				1FA35E9813F5A17E00A6B347 /* QuartzCore.framework */,
				1FA35E5F13F57B2700A6B347 /* UIKit.framework */,
				1FA35E6113F57B2700A6B347 /* Foundation.framework */,
				1FA35E6313F57B2700A6B347 /* CoreGraphics.framework */,
			);
			name = Frameworks;
			sourceTree = "<group>";
		};
		1FA35E6513F57B2700A6B347 /* RSColorPicker */ = {
			isa = PBXGroup;
			children = (
				1FA35E6E13F57B2800A6B347 /* RSColorPickerAppDelegate.h */,
				1FA35E6F13F57B2800A6B347 /* RSColorPickerAppDelegate.m */,
				2B12A0DD1792FF46007F2A0A /* TestColorViewController.h */,
				2B12A0DE1792FF46007F2A0A /* TestColorViewController.m */,
				2B85420A16EFC8970047FFBE /* ColorPickerClasses */,
				1FA35E6613F57B2700A6B347 /* Supporting Files */,
			);
			path = RSColorPicker;
			sourceTree = "<group>";
		};
		1FA35E6613F57B2700A6B347 /* Supporting Files */ = {
			isa = PBXGroup;
			children = (
				1FA35E6713F57B2700A6B347 /* RSColorPicker-Info.plist */,
				1FA35E6813F57B2800A6B347 /* InfoPlist.strings */,
				1FA35E6B13F57B2800A6B347 /* RSColorPicker-Prefix.pch */,
				1FA35E6C13F57B2800A6B347 /* main.m */,
			);
			name = "Supporting Files";
			sourceTree = "<group>";
		};
		2B85420A16EFC8970047FFBE /* ColorPickerClasses */ = {
			isa = PBXGroup;
			children = (
				2B85420B16EFC8970047FFBE /* ANImageBitmapRep */,
				2B85422716EFC8970047FFBE /* BGRSLoupeLayer.h */,
				2B85422816EFC8970047FFBE /* BGRSLoupeLayer.m */,
				2B85422916EFC8970047FFBE /* RSBrightnessSlider.h */,
				2B85422A16EFC8970047FFBE /* RSBrightnessSlider.m */,
				7FB5E81517455D820034FFB8 /* RSOpacitySlider.h */,
				7FB5E81617455D820034FFB8 /* RSOpacitySlider.m */,
				2B85422B16EFC8970047FFBE /* RSColorFunctions.h */,
				2B85422C16EFC8970047FFBE /* RSColorFunctions.m */,
				2B85422D16EFC8970047FFBE /* RSColorPickerView.h */,
				2B85422E16EFC8970047FFBE /* RSColorPickerView.m */,
				94A10AFC179DB66400F0BD7E /* Generation */,
				2B85422F16EFC8970047FFBE /* RSSelectionView.h */,
				2B85423016EFC8970047FFBE /* RSSelectionView.m */,
			);
			path = ColorPickerClasses;
			sourceTree = "<group>";
		};
		2B85420B16EFC8970047FFBE /* ANImageBitmapRep */ = {
			isa = PBXGroup;
			children = (
				2B85420C16EFC8970047FFBE /* ANImageBitmapRep.h */,
				2B85420D16EFC8970047FFBE /* ANImageBitmapRep.m */,
				2B85420E16EFC8970047FFBE /* BitmapContextRep.h */,
				2B85420F16EFC8970047FFBE /* BitmapContextRep.m */,
				2B85421016EFC8970047FFBE /* Compatibility */,
				2B85421716EFC8970047FFBE /* CoreGraphics */,
				2B85421C16EFC8970047FFBE /* Manipulators */,
			);
			path = ANImageBitmapRep;
			sourceTree = "<group>";
		};
		2B85421016EFC8970047FFBE /* Compatibility */ = {
			isa = PBXGroup;
			children = (
				2B85421116EFC8970047FFBE /* NSImage+ANImageBitmapRep.h */,
				2B85421216EFC8970047FFBE /* NSImage+ANImageBitmapRep.m */,
				2B85421316EFC8970047FFBE /* OSCommonImage.h */,
				2B85421416EFC8970047FFBE /* OSCommonImage.m */,
				2B85421516EFC8970047FFBE /* UIImage+ANImageBitmapRep.h */,
				2B85421616EFC8970047FFBE /* UIImage+ANImageBitmapRep.m */,
			);
			path = Compatibility;
			sourceTree = "<group>";
		};
		2B85421716EFC8970047FFBE /* CoreGraphics */ = {
			isa = PBXGroup;
			children = (
				2B85421816EFC8970047FFBE /* CGContextCreator.h */,
				2B85421916EFC8970047FFBE /* CGContextCreator.m */,
				2B85421A16EFC8970047FFBE /* CGImageContainer.h */,
				2B85421B16EFC8970047FFBE /* CGImageContainer.m */,
			);
			path = CoreGraphics;
			sourceTree = "<group>";
		};
		2B85421C16EFC8970047FFBE /* Manipulators */ = {
			isa = PBXGroup;
			children = (
				2B85421D16EFC8970047FFBE /* BitmapContextManipulator.h */,
				2B85421E16EFC8970047FFBE /* BitmapContextManipulator.m */,
				2B85421F16EFC8970047FFBE /* BitmapCropManipulator.h */,
				2B85422016EFC8970047FFBE /* BitmapCropManipulator.m */,
				2B85422116EFC8970047FFBE /* BitmapDrawManipulator.h */,
				2B85422216EFC8970047FFBE /* BitmapDrawManipulator.m */,
				2B85422316EFC8970047FFBE /* BitmapRotationManipulator.h */,
				2B85422416EFC8970047FFBE /* BitmapRotationManipulator.m */,
				2B85422516EFC8970047FFBE /* BitmapScaleManipulator.h */,
				2B85422616EFC8970047FFBE /* BitmapScaleManipulator.m */,
			);
			path = Manipulators;
			sourceTree = "<group>";
		};
		94A10AFC179DB66400F0BD7E /* Generation */ = {
			isa = PBXGroup;
			children = (
				94A10AFD179DB67C00F0BD7E /* RSGenerateOperation.h */,
				94A10AFE179DB67C00F0BD7E /* RSGenerateOperation.m */,
			);
			name = Generation;
			sourceTree = "<group>";
		};
/* End PBXGroup section */

/* Begin PBXNativeTarget section */
		1FA35E5A13F57B2700A6B347 /* RSColorPicker */ = {
			isa = PBXNativeTarget;
			buildConfigurationList = 1FA35E7613F57B2800A6B347 /* Build configuration list for PBXNativeTarget "RSColorPicker" */;
			buildPhases = (
				1FA35E5713F57B2700A6B347 /* Sources */,
				1FA35E5813F57B2700A6B347 /* Frameworks */,
				1FA35E5913F57B2700A6B347 /* Resources */,
			);
			buildRules = (
			);
			dependencies = (
			);
			name = RSColorPicker;
			productName = RSColorPicker;
			productReference = 1FA35E5B13F57B2700A6B347 /* RSColorPicker.app */;
			productType = "com.apple.product-type.application";
		};
/* End PBXNativeTarget section */

/* Begin PBXProject section */
		1FA35E5213F57B2700A6B347 /* Project object */ = {
			isa = PBXProject;
			attributes = {
				LastUpgradeCheck = 0420;
				ORGANIZATIONNAME = "Freelance Web Developer";
			};
			buildConfigurationList = 1FA35E5513F57B2700A6B347 /* Build configuration list for PBXProject "RSColorPicker" */;
			compatibilityVersion = "Xcode 3.2";
			developmentRegion = English;
			hasScannedForEncodings = 0;
			knownRegions = (
				en,
			);
			mainGroup = 1FA35E5013F57B2700A6B347;
			productRefGroup = 1FA35E5C13F57B2700A6B347 /* Products */;
			projectDirPath = "";
			projectRoot = "";
			targets = (
				1FA35E5A13F57B2700A6B347 /* RSColorPicker */,
			);
		};
/* End PBXProject section */

/* Begin PBXResourcesBuildPhase section */
		1FA35E5913F57B2700A6B347 /* Resources */ = {
			isa = PBXResourcesBuildPhase;
			buildActionMask = 2147483647;
			files = (
				1FA35E6A13F57B2800A6B347 /* InfoPlist.strings in Resources */,
				930D5A8016DE4D36006C38D4 /* Default-568h@2x.png in Resources */,
			);
			runOnlyForDeploymentPostprocessing = 0;
		};
/* End PBXResourcesBuildPhase section */

/* Begin PBXSourcesBuildPhase section */
		1FA35E5713F57B2700A6B347 /* Sources */ = {
			isa = PBXSourcesBuildPhase;
			buildActionMask = 2147483647;
			files = (
				1FA35E6D13F57B2800A6B347 /* main.m in Sources */,
				1FA35E7013F57B2800A6B347 /* RSColorPickerAppDelegate.m in Sources */,
				2B85423116EFC8970047FFBE /* ANImageBitmapRep.m in Sources */,
				2B85423216EFC8970047FFBE /* BitmapContextRep.m in Sources */,
				2B85423316EFC8970047FFBE /* NSImage+ANImageBitmapRep.m in Sources */,
				2B85423416EFC8970047FFBE /* OSCommonImage.m in Sources */,
				2B85423516EFC8970047FFBE /* UIImage+ANImageBitmapRep.m in Sources */,
				2B85423616EFC8970047FFBE /* CGContextCreator.m in Sources */,
				2B85423716EFC8970047FFBE /* CGImageContainer.m in Sources */,
				2B85423816EFC8970047FFBE /* BitmapContextManipulator.m in Sources */,
				2B85423916EFC8970047FFBE /* BitmapCropManipulator.m in Sources */,
				2B85423A16EFC8970047FFBE /* BitmapDrawManipulator.m in Sources */,
				2B85423B16EFC8970047FFBE /* BitmapRotationManipulator.m in Sources */,
				2B85423C16EFC8970047FFBE /* BitmapScaleManipulator.m in Sources */,
				2B85423D16EFC8970047FFBE /* BGRSLoupeLayer.m in Sources */,
				2B85423E16EFC8970047FFBE /* RSBrightnessSlider.m in Sources */,
				2B85423F16EFC8970047FFBE /* RSColorFunctions.m in Sources */,
				2B85424016EFC8970047FFBE /* RSColorPickerView.m in Sources */,
				2B85424116EFC8970047FFBE /* RSSelectionView.m in Sources */,
				2B12A0DF1792FF46007F2A0A /* TestColorViewController.m in Sources */,
				7FB5E81717455D820034FFB8 /* RSOpacitySlider.m in Sources */,
				94A10AFF179DB67C00F0BD7E /* RSGenerateOperation.m in Sources */,
			);
			runOnlyForDeploymentPostprocessing = 0;
		};
/* End PBXSourcesBuildPhase section */

/* Begin PBXVariantGroup section */
		1FA35E6813F57B2800A6B347 /* InfoPlist.strings */ = {
			isa = PBXVariantGroup;
			children = (
				1FA35E6913F57B2800A6B347 /* en */,
			);
			name = InfoPlist.strings;
			sourceTree = "<group>";
		};
/* End PBXVariantGroup section */

/* Begin XCBuildConfiguration section */
		1FA35E7413F57B2800A6B347 /* Debug */ = {
			isa = XCBuildConfiguration;
			buildSettings = {
				ARCHS = "$(ARCHS_STANDARD_32_BIT)";
				"CODE_SIGN_IDENTITY[sdk=iphoneos*]" = "iPhone Developer";
				GCC_C_LANGUAGE_STANDARD = gnu99;
				GCC_OPTIMIZATION_LEVEL = 0;
				GCC_PREPROCESSOR_DEFINITIONS = DEBUG;
				GCC_SYMBOLS_PRIVATE_EXTERN = NO;
				GCC_VERSION = com.apple.compilers.llvmgcc42;
				GCC_WARN_ABOUT_RETURN_TYPE = YES;
				GCC_WARN_UNUSED_VARIABLE = YES;
				IPHONEOS_DEPLOYMENT_TARGET = 4.3;
				SDKROOT = iphoneos;
			};
			name = Debug;
		};
		1FA35E7513F57B2800A6B347 /* Release */ = {
			isa = XCBuildConfiguration;
			buildSettings = {
				ARCHS = "$(ARCHS_STANDARD_32_BIT)";
				"CODE_SIGN_IDENTITY[sdk=iphoneos*]" = "iPhone Developer";
				GCC_C_LANGUAGE_STANDARD = gnu99;
				GCC_VERSION = com.apple.compilers.llvmgcc42;
				GCC_WARN_ABOUT_RETURN_TYPE = YES;
				GCC_WARN_UNUSED_VARIABLE = YES;
				IPHONEOS_DEPLOYMENT_TARGET = 4.3;
				OTHER_CFLAGS = "-DNS_BLOCK_ASSERTIONS=1";
				SDKROOT = iphoneos;
			};
			name = Release;
		};
		1FA35E7713F57B2800A6B347 /* Debug */ = {
			isa = XCBuildConfiguration;
			buildSettings = {
				ALWAYS_SEARCH_USER_PATHS = NO;
				CLANG_ENABLE_OBJC_ARC = YES;
				COPY_PHASE_STRIP = NO;
				GCC_DYNAMIC_NO_PIC = NO;
				GCC_PRECOMPILE_PREFIX_HEADER = YES;
				GCC_PREFIX_HEADER = "RSColorPicker/RSColorPicker-Prefix.pch";
				GCC_VERSION = com.apple.compilers.llvm.clang.1_0;
				INFOPLIST_FILE = "RSColorPicker/RSColorPicker-Info.plist";
				IPHONEOS_DEPLOYMENT_TARGET = 5.0;
				PRODUCT_NAME = "$(TARGET_NAME)";
				WRAPPER_EXTENSION = app;
			};
			name = Debug;
		};
		1FA35E7813F57B2800A6B347 /* Release */ = {
			isa = XCBuildConfiguration;
			buildSettings = {
				ALWAYS_SEARCH_USER_PATHS = NO;
				CLANG_ENABLE_OBJC_ARC = YES;
				COPY_PHASE_STRIP = YES;
				GCC_PRECOMPILE_PREFIX_HEADER = YES;
				GCC_PREFIX_HEADER = "RSColorPicker/RSColorPicker-Prefix.pch";
				GCC_VERSION = com.apple.compilers.llvm.clang.1_0;
				INFOPLIST_FILE = "RSColorPicker/RSColorPicker-Info.plist";
				IPHONEOS_DEPLOYMENT_TARGET = 5.0;
				PRODUCT_NAME = "$(TARGET_NAME)";
				VALIDATE_PRODUCT = YES;
				WRAPPER_EXTENSION = app;
			};
			name = Release;
		};
/* End XCBuildConfiguration section */

/* Begin XCConfigurationList section */
		1FA35E5513F57B2700A6B347 /* Build configuration list for PBXProject "RSColorPicker" */ = {
			isa = XCConfigurationList;
			buildConfigurations = (
				1FA35E7413F57B2800A6B347 /* Debug */,
				1FA35E7513F57B2800A6B347 /* Release */,
			);
			defaultConfigurationIsVisible = 0;
			defaultConfigurationName = Release;
		};
		1FA35E7613F57B2800A6B347 /* Build configuration list for PBXNativeTarget "RSColorPicker" */ = {
			isa = XCConfigurationList;
			buildConfigurations = (
				1FA35E7713F57B2800A6B347 /* Debug */,
				1FA35E7813F57B2800A6B347 /* Release */,
			);
			defaultConfigurationIsVisible = 0;
			defaultConfigurationName = Release;
		};
/* End XCConfigurationList section */
	};
	rootObject = 1FA35E5213F57B2700A6B347 /* Project object */;
}
